// !$*UTF8*$!
{
	archiveVersion = 1;
	classes = {
	};
	objectVersion = 46;
	objects = {

/* Begin PBXBuildFile section */
		7A023B5515BA54D00021A6DD /* UIKit.framework in Frameworks */ = {isa = PBXBuildFile; fileRef = 7A023B5415BA54D00021A6DD /* UIKit.framework */; };
		7A023B5715BA54D00021A6DD /* Foundation.framework in Frameworks */ = {isa = PBXBuildFile; fileRef = 7A023B5615BA54D00021A6DD /* Foundation.framework */; };
		7A023B5915BA54D00021A6DD /* CoreGraphics.framework in Frameworks */ = {isa = PBXBuildFile; fileRef = 7A023B5815BA54D00021A6DD /* CoreGraphics.framework */; };
		7A023B5F15BA54D00021A6DD /* InfoPlist.strings in Resources */ = {isa = PBXBuildFile; fileRef = 7A023B5D15BA54D00021A6DD /* InfoPlist.strings */; };
		7A023B6115BA54D00021A6DD /* main.m in Sources */ = {isa = PBXBuildFile; fileRef = 7A023B6015BA54D00021A6DD /* main.m */; };
		7A023B6515BA54D00021A6DD /* OpenCVTestAppDelegate.m in Sources */ = {isa = PBXBuildFile; fileRef = 7A023B6415BA54D00021A6DD /* OpenCVTestAppDelegate.m */; };
		7A023B6815BA54D00021A6DD /* MainStoryboard_iPhone.storyboard in Resources */ = {isa = PBXBuildFile; fileRef = 7A023B6615BA54D00021A6DD /* MainStoryboard_iPhone.storyboard */; };
		7A023B6B15BA54D00021A6DD /* MainStoryboard_iPad.storyboard in Resources */ = {isa = PBXBuildFile; fileRef = 7A023B6915BA54D00021A6DD /* MainStoryboard_iPad.storyboard */; };
		7A023B7D15BA56C50021A6DD /* test_affine3d_estimator.cpp in Sources */ = {isa = PBXBuildFile; fileRef = 7A023B7C15BA56C50021A6DD /* test_affine3d_estimator.cpp */; };
		7A023B8015BA56E90021A6DD /* test_precomp.cpp in Sources */ = {isa = PBXBuildFile; fileRef = 7A023B7E15BA56E90021A6DD /* test_precomp.cpp */; };
		7A023B8B15BA57ED0021A6DD /* precomp.cpp in Sources */ = {isa = PBXBuildFile; fileRef = 7A023B8415BA57EC0021A6DD /* precomp.cpp */; };
		7A023B8C15BA57ED0021A6DD /* ts_arrtest.cpp in Sources */ = {isa = PBXBuildFile; fileRef = 7A023B8615BA57EC0021A6DD /* ts_arrtest.cpp */; };
		7A023B8D15BA57ED0021A6DD /* ts_func.cpp in Sources */ = {isa = PBXBuildFile; fileRef = 7A023B8715BA57ED0021A6DD /* ts_func.cpp */; };
		7A023B8E15BA57ED0021A6DD /* ts_gtest.cpp in Sources */ = {isa = PBXBuildFile; fileRef = 7A023B8815BA57ED0021A6DD /* ts_gtest.cpp */; };
		7A023B8F15BA57ED0021A6DD /* ts_perf.cpp in Sources */ = {isa = PBXBuildFile; fileRef = 7A023B8915BA57ED0021A6DD /* ts_perf.cpp */; };
		7A023B9015BA57ED0021A6DD /* ts.cpp in Sources */ = {isa = PBXBuildFile; fileRef = 7A023B8A15BA57ED0021A6DD /* ts.cpp */; };
		C173294B15BB0AF100C367B9 /* opencv2.framework in Frameworks */ = {isa = PBXBuildFile; fileRef = C173294A15BB0AF100C367B9 /* opencv2.framework */; };
		C173294F15BB11BF00C367B9 /* OpenCVTestViewController.mm in Sources */ = {isa = PBXBuildFile; fileRef = C173294D15BB11BF00C367B9 /* OpenCVTestViewController.mm */; };
/* End PBXBuildFile section */

/* Begin PBXFileReference section */
		7A023B5015BA54D00021A6DD /* OpenCVTest.app */ = {isa = PBXFileReference; explicitFileType = wrapper.application; includeInIndex = 0; path = OpenCVTest.app; sourceTree = BUILT_PRODUCTS_DIR; };
		7A023B5415BA54D00021A6DD /* UIKit.framework */ = {isa = PBXFileReference; lastKnownFileType = wrapper.framework; name = UIKit.framework; path = System/Library/Frameworks/UIKit.framework; sourceTree = SDKROOT; };
		7A023B5615BA54D00021A6DD /* Foundation.framework */ = {isa = PBXFileReference; lastKnownFileType = wrapper.framework; name = Foundation.framework; path = System/Library/Frameworks/Foundation.framework; sourceTree = SDKROOT; };
		7A023B5815BA54D00021A6DD /* CoreGraphics.framework */ = {isa = PBXFileReference; lastKnownFileType = wrapper.framework; name = CoreGraphics.framework; path = System/Library/Frameworks/CoreGraphics.framework; sourceTree = SDKROOT; };
		7A023B5C15BA54D00021A6DD /* OpenCVTest-Info.plist */ = {isa = PBXFileReference; lastKnownFileType = text.plist.xml; path = "OpenCVTest-Info.plist"; sourceTree = "<group>"; };
		7A023B5E15BA54D00021A6DD /* en */ = {isa = PBXFileReference; lastKnownFileType = text.plist.strings; name = en; path = en.lproj/InfoPlist.strings; sourceTree = "<group>"; };
		7A023B6015BA54D00021A6DD /* main.m */ = {isa = PBXFileReference; explicitFileType = sourcecode.c.objc; path = main.m; sourceTree = "<group>"; };
		7A023B6215BA54D00021A6DD /* OpenCVTest-Prefix.pch */ = {isa = PBXFileReference; lastKnownFileType = sourcecode.c.h; path = "OpenCVTest-Prefix.pch"; sourceTree = "<group>"; };
		7A023B6315BA54D00021A6DD /* OpenCVTestAppDelegate.h */ = {isa = PBXFileReference; lastKnownFileType = sourcecode.c.h; path = OpenCVTestAppDelegate.h; sourceTree = "<group>"; };
		7A023B6415BA54D00021A6DD /* OpenCVTestAppDelegate.m */ = {isa = PBXFileReference; explicitFileType = sourcecode.c.objc; path = OpenCVTestAppDelegate.m; sourceTree = "<group>"; };
		7A023B6715BA54D00021A6DD /* en */ = {isa = PBXFileReference; lastKnownFileType = file.storyboard; name = en; path = en.lproj/MainStoryboard_iPhone.storyboard; sourceTree = "<group>"; };
		7A023B6A15BA54D00021A6DD /* en */ = {isa = PBXFileReference; lastKnownFileType = file.storyboard; name = en; path = en.lproj/MainStoryboard_iPad.storyboard; sourceTree = "<group>"; };
		7A023B7C15BA56C50021A6DD /* test_affine3d_estimator.cpp */ = {isa = PBXFileReference; fileEncoding = 4; lastKnownFileType = sourcecode.cpp.cpp; path = test_affine3d_estimator.cpp; sourceTree = "<group>"; };
		7A023B7E15BA56E90021A6DD /* test_precomp.cpp */ = {isa = PBXFileReference; fileEncoding = 4; lastKnownFileType = sourcecode.cpp.cpp; path = test_precomp.cpp; sourceTree = "<group>"; };
		7A023B7F15BA56E90021A6DD /* test_precomp.hpp */ = {isa = PBXFileReference; fileEncoding = 4; lastKnownFileType = sourcecode.cpp.h; path = test_precomp.hpp; sourceTree = "<group>"; };
		7A023B8115BA577E0021A6DD /* ts_gtest.h */ = {isa = PBXFileReference; fileEncoding = 4; lastKnownFileType = sourcecode.c.h; path = ts_gtest.h; sourceTree = "<group>"; };
		7A023B8215BA577F0021A6DD /* ts_perf.hpp */ = {isa = PBXFileReference; fileEncoding = 4; lastKnownFileType = sourcecode.cpp.h; path = ts_perf.hpp; sourceTree = "<group>"; };
		7A023B8315BA577F0021A6DD /* ts.hpp */ = {isa = PBXFileReference; fileEncoding = 4; lastKnownFileType = sourcecode.cpp.h; path = ts.hpp; sourceTree = "<group>"; };
		7A023B8415BA57EC0021A6DD /* precomp.cpp */ = {isa = PBXFileReference; fileEncoding = 4; lastKnownFileType = sourcecode.cpp.cpp; path = precomp.cpp; sourceTree = "<group>"; };
		7A023B8515BA57EC0021A6DD /* precomp.hpp */ = {isa = PBXFileReference; fileEncoding = 4; lastKnownFileType = sourcecode.cpp.h; path = precomp.hpp; sourceTree = "<group>"; };
		7A023B8615BA57EC0021A6DD /* ts_arrtest.cpp */ = {isa = PBXFileReference; fileEncoding = 4; lastKnownFileType = sourcecode.cpp.cpp; path = ts_arrtest.cpp; sourceTree = "<group>"; };
		7A023B8715BA57ED0021A6DD /* ts_func.cpp */ = {isa = PBXFileReference; fileEncoding = 4; lastKnownFileType = sourcecode.cpp.cpp; path = ts_func.cpp; sourceTree = "<group>"; };
		7A023B8815BA57ED0021A6DD /* ts_gtest.cpp */ = {isa = PBXFileReference; fileEncoding = 4; lastKnownFileType = sourcecode.cpp.cpp; path = ts_gtest.cpp; sourceTree = "<group>"; };
		7A023B8915BA57ED0021A6DD /* ts_perf.cpp */ = {isa = PBXFileReference; fileEncoding = 4; lastKnownFileType = sourcecode.cpp.cpp; path = ts_perf.cpp; sourceTree = "<group>"; };
		7A023B8A15BA57ED0021A6DD /* ts.cpp */ = {isa = PBXFileReference; fileEncoding = 4; lastKnownFileType = sourcecode.cpp.cpp; path = ts.cpp; sourceTree = "<group>"; };
		C173294A15BB0AF100C367B9 /* opencv2.framework */ = {isa = PBXFileReference; lastKnownFileType = wrapper.framework; name = opencv2.framework; path = ../../opencv/opencv2.framework; sourceTree = "<group>"; };
		C173294C15BB11BF00C367B9 /* OpenCVTestViewController.h */ = {isa = PBXFileReference; fileEncoding = 4; lastKnownFileType = sourcecode.c.h; path = OpenCVTestViewController.h; sourceTree = "<group>"; };
		C173294D15BB11BF00C367B9 /* OpenCVTestViewController.mm */ = {isa = PBXFileReference; explicitFileType = sourcecode.cpp.objcpp; fileEncoding = 4; path = OpenCVTestViewController.mm; sourceTree = "<group>"; };
/* End PBXFileReference section */

/* Begin PBXFrameworksBuildPhase section */
		7A023B4D15BA54D00021A6DD /* Frameworks */ = {
			isa = PBXFrameworksBuildPhase;
			buildActionMask = 2147483647;
			files = (
				C173294B15BB0AF100C367B9 /* opencv2.framework in Frameworks */,
				7A023B5515BA54D00021A6DD /* UIKit.framework in Frameworks */,
				7A023B5715BA54D00021A6DD /* Foundation.framework in Frameworks */,
				7A023B5915BA54D00021A6DD /* CoreGraphics.framework in Frameworks */,
			);
			runOnlyForDeploymentPostprocessing = 0;
		};
/* End PBXFrameworksBuildPhase section */

/* Begin PBXGroup section */
		7A023B4515BA54CF0021A6DD = {
			isa = PBXGroup;
			children = (
				7A023B8415BA57EC0021A6DD /* precomp.cpp */,
				7A023B8515BA57EC0021A6DD /* precomp.hpp */,
				7A023B8615BA57EC0021A6DD /* ts_arrtest.cpp */,
				7A023B8715BA57ED0021A6DD /* ts_func.cpp */,
				7A023B8815BA57ED0021A6DD /* ts_gtest.cpp */,
				7A023B8915BA57ED0021A6DD /* ts_perf.cpp */,
				7A023B8A15BA57ED0021A6DD /* ts.cpp */,
				7A023B8115BA577E0021A6DD /* ts_gtest.h */,
				7A023B8215BA577F0021A6DD /* ts_perf.hpp */,
				7A023B8315BA577F0021A6DD /* ts.hpp */,
				7A023B7E15BA56E90021A6DD /* test_precomp.cpp */,
				7A023B7F15BA56E90021A6DD /* test_precomp.hpp */,
				7A023B7C15BA56C50021A6DD /* test_affine3d_estimator.cpp */,
				7A023B5A15BA54D00021A6DD /* OpenCVTest */,
				7A023B5315BA54D00021A6DD /* Frameworks */,
				7A023B5115BA54D00021A6DD /* Products */,
			);
			sourceTree = "<group>";
		};
		7A023B5115BA54D00021A6DD /* Products */ = {
			isa = PBXGroup;
			children = (
				7A023B5015BA54D00021A6DD /* OpenCVTest.app */,
			);
			name = Products;
			sourceTree = "<group>";
		};
		7A023B5315BA54D00021A6DD /* Frameworks */ = {
			isa = PBXGroup;
			children = (
				C173294A15BB0AF100C367B9 /* opencv2.framework */,
				7A023B5415BA54D00021A6DD /* UIKit.framework */,
				7A023B5615BA54D00021A6DD /* Foundation.framework */,
				7A023B5815BA54D00021A6DD /* CoreGraphics.framework */,
			);
			name = Frameworks;
			sourceTree = "<group>";
		};
		7A023B5A15BA54D00021A6DD /* OpenCVTest */ = {
			isa = PBXGroup;
			children = (
				7A023B6315BA54D00021A6DD /* OpenCVTestAppDelegate.h */,
				7A023B6415BA54D00021A6DD /* OpenCVTestAppDelegate.m */,
				C173294C15BB11BF00C367B9 /* OpenCVTestViewController.h */,
				C173294D15BB11BF00C367B9 /* OpenCVTestViewController.mm */,
				7A023B6615BA54D00021A6DD /* MainStoryboard_iPhone.storyboard */,
				7A023B6915BA54D00021A6DD /* MainStoryboard_iPad.storyboard */,
				7A023B5B15BA54D00021A6DD /* Supporting Files */,
			);
			path = OpenCVTest;
			sourceTree = "<group>";
		};
		7A023B5B15BA54D00021A6DD /* Supporting Files */ = {
			isa = PBXGroup;
			children = (
				7A023B5C15BA54D00021A6DD /* OpenCVTest-Info.plist */,
				7A023B5D15BA54D00021A6DD /* InfoPlist.strings */,
				7A023B6015BA54D00021A6DD /* main.m */,
				7A023B6215BA54D00021A6DD /* OpenCVTest-Prefix.pch */,
			);
			name = "Supporting Files";
			sourceTree = "<group>";
		};
/* End PBXGroup section */

/* Begin PBXNativeTarget section */
		7A023B4F15BA54D00021A6DD /* OpenCVTest */ = {
			isa = PBXNativeTarget;
			buildConfigurationList = 7A023B7115BA54D00021A6DD /* Build configuration list for PBXNativeTarget "OpenCVTest" */;
			buildPhases = (
				7A023B4C15BA54D00021A6DD /* Sources */,
				7A023B4D15BA54D00021A6DD /* Frameworks */,
				7A023B4E15BA54D00021A6DD /* Resources */,
			);
			buildRules = (
			);
			dependencies = (
			);
			name = OpenCVTest;
			productName = OpenCVTest;
			productReference = 7A023B5015BA54D00021A6DD /* OpenCVTest.app */;
			productType = "com.apple.product-type.application";
		};
/* End PBXNativeTarget section */

/* Begin PBXProject section */
		7A023B4715BA54CF0021A6DD /* Project object */ = {
			isa = PBXProject;
			attributes = {
				LastUpgradeCheck = 0420;
			};
			buildConfigurationList = 7A023B4A15BA54CF0021A6DD /* Build configuration list for PBXProject "OpenCVTest" */;
			compatibilityVersion = "Xcode 3.2";
			developmentRegion = English;
			hasScannedForEncodings = 0;
			knownRegions = (
				en,
			);
			mainGroup = 7A023B4515BA54CF0021A6DD;
			productRefGroup = 7A023B5115BA54D00021A6DD /* Products */;
			projectDirPath = "";
			projectRoot = "";
			targets = (
				7A023B4F15BA54D00021A6DD /* OpenCVTest */,
			);
		};
/* End PBXProject section */

/* Begin PBXResourcesBuildPhase section */
		7A023B4E15BA54D00021A6DD /* Resources */ = {
			isa = PBXResourcesBuildPhase;
			buildActionMask = 2147483647;
			files = (
				7A023B5F15BA54D00021A6DD /* InfoPlist.strings in Resources */,
				7A023B6815BA54D00021A6DD /* MainStoryboard_iPhone.storyboard in Resources */,
				7A023B6B15BA54D00021A6DD /* MainStoryboard_iPad.storyboard in Resources */,
			);
			runOnlyForDeploymentPostprocessing = 0;
		};
/* End PBXResourcesBuildPhase section */

/* Begin PBXSourcesBuildPhase section */
		7A023B4C15BA54D00021A6DD /* Sources */ = {
			isa = PBXSourcesBuildPhase;
			buildActionMask = 2147483647;
			files = (
				7A023B6115BA54D00021A6DD /* main.m in Sources */,
				7A023B6515BA54D00021A6DD /* OpenCVTestAppDelegate.m in Sources */,
				7A023B7D15BA56C50021A6DD /* test_affine3d_estimator.cpp in Sources */,
				7A023B8015BA56E90021A6DD /* test_precomp.cpp in Sources */,
				7A023B8B15BA57ED0021A6DD /* precomp.cpp in Sources */,
				7A023B8C15BA57ED0021A6DD /* ts_arrtest.cpp in Sources */,
				7A023B8D15BA57ED0021A6DD /* ts_func.cpp in Sources */,
				7A023B8E15BA57ED0021A6DD /* ts_gtest.cpp in Sources */,
				7A023B8F15BA57ED0021A6DD /* ts_perf.cpp in Sources */,
				7A023B9015BA57ED0021A6DD /* ts.cpp in Sources */,
				C173294F15BB11BF00C367B9 /* OpenCVTestViewController.mm in Sources */,
			);
			runOnlyForDeploymentPostprocessing = 0;
		};
/* End PBXSourcesBuildPhase section */

/* Begin PBXVariantGroup section */
		7A023B5D15BA54D00021A6DD /* InfoPlist.strings */ = {
			isa = PBXVariantGroup;
			children = (
				7A023B5E15BA54D00021A6DD /* en */,
			);
			name = InfoPlist.strings;
			sourceTree = "<group>";
		};
		7A023B6615BA54D00021A6DD /* MainStoryboard_iPhone.storyboard */ = {
			isa = PBXVariantGroup;
			children = (
				7A023B6715BA54D00021A6DD /* en */,
			);
			name = MainStoryboard_iPhone.storyboard;
			sourceTree = "<group>";
		};
		7A023B6915BA54D00021A6DD /* MainStoryboard_iPad.storyboard */ = {
			isa = PBXVariantGroup;
			children = (
				7A023B6A15BA54D00021A6DD /* en */,
			);
			name = MainStoryboard_iPad.storyboard;
			sourceTree = "<group>";
		};
/* End PBXVariantGroup section */

/* Begin XCBuildConfiguration section */
		7A023B6F15BA54D00021A6DD /* Debug */ = {
			isa = XCBuildConfiguration;
			buildSettings = {
				ALWAYS_SEARCH_USER_PATHS = NO;
				ARCHS = "$(ARCHS_STANDARD_32_BIT)";
				CLANG_ENABLE_OBJC_ARC = YES;
				"CODE_SIGN_IDENTITY[sdk=iphoneos*]" = "iPhone Developer";
				COPY_PHASE_STRIP = NO;
				GCC_C_LANGUAGE_STANDARD = gnu99;
				GCC_DYNAMIC_NO_PIC = NO;
				GCC_OPTIMIZATION_LEVEL = 0;
				GCC_PREPROCESSOR_DEFINITIONS = (
					"DEBUG=1",
					"$(inherited)",
				);
				GCC_SYMBOLS_PRIVATE_EXTERN = NO;
				GCC_VERSION = com.apple.compilers.llvm.clang.1_0;
				GCC_WARN_ABOUT_MISSING_PROTOTYPES = YES;
				GCC_WARN_ABOUT_RETURN_TYPE = YES;
				GCC_WARN_UNUSED_VARIABLE = YES;
				IPHONEOS_DEPLOYMENT_TARGET = 5.0;
				SDKROOT = iphoneos;
				TARGETED_DEVICE_FAMILY = "1,2";
			};
			name = Debug;
		};
		7A023B7015BA54D00021A6DD /* Release */ = {
			isa = XCBuildConfiguration;
			buildSettings = {
				ALWAYS_SEARCH_USER_PATHS = NO;
				ARCHS = "$(ARCHS_STANDARD_32_BIT)";
				CLANG_ENABLE_OBJC_ARC = YES;
				"CODE_SIGN_IDENTITY[sdk=iphoneos*]" = "iPhone Developer";
				COPY_PHASE_STRIP = YES;
				GCC_C_LANGUAGE_STANDARD = gnu99;
				GCC_VERSION = com.apple.compilers.llvm.clang.1_0;
				GCC_WARN_ABOUT_MISSING_PROTOTYPES = YES;
				GCC_WARN_ABOUT_RETURN_TYPE = YES;
				GCC_WARN_UNUSED_VARIABLE = YES;
				IPHONEOS_DEPLOYMENT_TARGET = 5.0;
				OTHER_CFLAGS = "-DNS_BLOCK_ASSERTIONS=1";
				SDKROOT = iphoneos;
				TARGETED_DEVICE_FAMILY = "1,2";
				VALIDATE_PRODUCT = YES;
			};
			name = Release;
		};
		7A023B7215BA54D00021A6DD /* Debug */ = {
			isa = XCBuildConfiguration;
			buildSettings = {
				FRAMEWORK_SEARCH_PATHS = (
					"$(inherited)",
					"\"$(DEVELOPER_DIR)/OpenCVTest\"",
					"\"$(SRCROOT)\"",
					"\"$(SRCROOT)/../../opencv\"",
				);
				GCC_PRECOMPILE_PREFIX_HEADER = YES;
				GCC_PREFIX_HEADER = "OpenCVTest/OpenCVTest-Prefix.pch";
				INFOPLIST_FILE = "OpenCVTest/OpenCVTest-Info.plist";
				PRODUCT_NAME = "$(TARGET_NAME)";
				WRAPPER_EXTENSION = app;
			};
			name = Debug;
		};
		7A023B7315BA54D00021A6DD /* Release */ = {
			isa = XCBuildConfiguration;
			buildSettings = {
				FRAMEWORK_SEARCH_PATHS = (
					"$(inherited)",
					"\"$(DEVELOPER_DIR)/OpenCVTest\"",
					"\"$(SRCROOT)\"",
					"\"$(SRCROOT)/../../opencv\"",
				);
				GCC_PRECOMPILE_PREFIX_HEADER = YES;
				GCC_PREFIX_HEADER = "OpenCVTest/OpenCVTest-Prefix.pch";
				INFOPLIST_FILE = "OpenCVTest/OpenCVTest-Info.plist";
				PRODUCT_NAME = "$(TARGET_NAME)";
				WRAPPER_EXTENSION = app;
			};
			name = Release;
		};
/* End XCBuildConfiguration section */

/* Begin XCConfigurationList section */
		7A023B4A15BA54CF0021A6DD /* Build configuration list for PBXProject "OpenCVTest" */ = {
			isa = XCConfigurationList;
			buildConfigurations = (
				7A023B6F15BA54D00021A6DD /* Debug */,
				7A023B7015BA54D00021A6DD /* Release */,
			);
			defaultConfigurationIsVisible = 0;
			defaultConfigurationName = Release;
		};
		7A023B7115BA54D00021A6DD /* Build configuration list for PBXNativeTarget "OpenCVTest" */ = {
			isa = XCConfigurationList;
			buildConfigurations = (
				7A023B7215BA54D00021A6DD /* Debug */,
				7A023B7315BA54D00021A6DD /* Release */,
			);
			defaultConfigurationIsVisible = 0;
			defaultConfigurationName = Release;
		};
/* End XCConfigurationList section */
	};
	rootObject = 7A023B4715BA54CF0021A6DD /* Project object */;
}
